
Microsoft Visual Studio Solution File, Format Version 12.00
# Visual Studio Version 16
VisualStudioVersion = 16.0.30114.105
MinimumVisualStudioVersion = 10.0.40219.1
Project("{9A19103F-16F7-4668-BE54-9A1E7A4F7556}") = "Fizyka_1+", "Fizyka_1+.csproj", "{2400CDB4-38ED-4049-9B96-2FD182881A2D}"
EndProject
Global
	GlobalSection(SolutionConfigurationPlatforms) = preSolution
		Debug|Any CPU = Debug|Any CPU
		Release|Any CPU = Release|Any CPU
	EndGlobalSection
	GlobalSection(ProjectConfigurationPlatforms) = postSolution
		{2400CDB4-38ED-4049-9B96-2FD182881A2D}.Debug|Any CPU.ActiveCfg = Debug|Any CPU
		{2400CDB4-38ED-4049-9B96-2FD182881A2D}.Debug|Any CPU.Build.0 = Debug|Any CPU
		{2400CDB4-38ED-4049-9B96-2FD182881A2D}.Release|Any CPU.ActiveCfg = Release|Any CPU
		{2400CDB4-38ED-4049-9B96-2FD182881A2D}.Release|Any CPU.Build.0 = Release|Any CPU
	EndGlobalSection
	GlobalSection(SolutionProperties) = preSolution
		HideSolutionNode = FALSE
	EndGlobalSection
	GlobalSection(ExtensibilityGlobals) = postSolution
		SolutionGuid = {F68D9C2B-245E-4E14-8FDF-3F356DEB36F8}
	EndGlobalSection
EndGlobal
